
Microsoft Visual Studio Solution File, Format Version 12.00
# Visual Studio Version 17
VisualStudioVersion = 17.11.35219.272
MinimumVisualStudioVersion = 10.0.40219.1
Project("{8BC9CEB8-8B4A-11D0-8D11-00A0C91BC942}") = "7.chars", "7.chars\7.chars.vcxproj", "{420849E8-7D25-425E-8066-D3A876692B8E}"
EndProject
Global
	GlobalSection(SolutionConfigurationPlatforms) = preSolution
		Debug|x64 = Debug|x64
		Debug|x86 = Debug|x86
		Release|x64 = Release|x64
		Release|x86 = Release|x86
	EndGlobalSection
	GlobalSection(ProjectConfigurationPlatforms) = postSolution
		{420849E8-7D25-425E-8066-D3A876692B8E}.Debug|x64.ActiveCfg = Debug|x64
		{420849E8-7D25-425E-8066-D3A876692B8E}.Debug|x64.Build.0 = Debug|x64
		{420849E8-7D25-425E-8066-D3A876692B8E}.Debug|x86.ActiveCfg = Debug|Win32
		{420849E8-7D25-425E-8066-D3A876692B8E}.Debug|x86.Build.0 = Debug|Win32
		{420849E8-7D25-425E-8066-D3A876692B8E}.Release|x64.ActiveCfg = Release|x64
		{420849E8-7D25-425E-8066-D3A876692B8E}.Release|x64.Build.0 = Release|x64
		{420849E8-7D25-425E-8066-D3A876692B8E}.Release|x86.ActiveCfg = Release|Win32
		{420849E8-7D25-425E-8066-D3A876692B8E}.Release|x86.Build.0 = Release|Win32
	EndGlobalSection
	GlobalSection(SolutionProperties) = preSolution
		HideSolutionNode = FALSE
	EndGlobalSection
	GlobalSection(ExtensibilityGlobals) = postSolution
		SolutionGuid = {1FA0C0F7-28D6-40F8-9B7B-59BD838BF578}
	EndGlobalSection
EndGlobal
