
Microsoft Visual Studio Solution File, Format Version 12.00
# Visual Studio Version 17
VisualStudioVersion = 17.11.35219.272
MinimumVisualStudioVersion = 10.0.40219.1
Project("{8BC9CEB8-8B4A-11D0-8D11-00A0C91BC942}") = "my", "my\my.vcxproj", "{A217CC26-13E7-4621-9AB6-6D7A87D18ED2}"
EndProject
Global
	GlobalSection(SolutionConfigurationPlatforms) = preSolution
		Debug|x64 = Debug|x64
		Debug|x86 = Debug|x86
		Release|x64 = Release|x64
		Release|x86 = Release|x86
	EndGlobalSection
	GlobalSection(ProjectConfigurationPlatforms) = postSolution
		{A217CC26-13E7-4621-9AB6-6D7A87D18ED2}.Debug|x64.ActiveCfg = Debug|x64
		{A217CC26-13E7-4621-9AB6-6D7A87D18ED2}.Debug|x64.Build.0 = Debug|x64
		{A217CC26-13E7-4621-9AB6-6D7A87D18ED2}.Debug|x86.ActiveCfg = Debug|Win32
		{A217CC26-13E7-4621-9AB6-6D7A87D18ED2}.Debug|x86.Build.0 = Debug|Win32
		{A217CC26-13E7-4621-9AB6-6D7A87D18ED2}.Release|x64.ActiveCfg = Release|x64
		{A217CC26-13E7-4621-9AB6-6D7A87D18ED2}.Release|x64.Build.0 = Release|x64
		{A217CC26-13E7-4621-9AB6-6D7A87D18ED2}.Release|x86.ActiveCfg = Release|Win32
		{A217CC26-13E7-4621-9AB6-6D7A87D18ED2}.Release|x86.Build.0 = Release|Win32
	EndGlobalSection
	GlobalSection(SolutionProperties) = preSolution
		HideSolutionNode = FALSE
	EndGlobalSection
	GlobalSection(ExtensibilityGlobals) = postSolution
		SolutionGuid = {637E90E8-10A1-4772-9457-B9BA94DD2D07}
	EndGlobalSection
EndGlobal
