
Microsoft Visual Studio Solution File, Format Version 12.00
# Visual Studio Version 17
VisualStudioVersion = 17.11.35219.272
MinimumVisualStudioVersion = 10.0.40219.1
Project("{8BC9CEB8-8B4A-11D0-8D11-00A0C91BC942}") = "guessTheNumber", "guessTheNumber\guessTheNumber.vcxproj", "{4D39913D-64B0-4728-89CD-D7091CE7BFAD}"
EndProject
Global
	GlobalSection(SolutionConfigurationPlatforms) = preSolution
		Debug|x64 = Debug|x64
		Debug|x86 = Debug|x86
		Release|x64 = Release|x64
		Release|x86 = Release|x86
	EndGlobalSection
	GlobalSection(ProjectConfigurationPlatforms) = postSolution
		{4D39913D-64B0-4728-89CD-D7091CE7BFAD}.Debug|x64.ActiveCfg = Debug|x64
		{4D39913D-64B0-4728-89CD-D7091CE7BFAD}.Debug|x64.Build.0 = Debug|x64
		{4D39913D-64B0-4728-89CD-D7091CE7BFAD}.Debug|x86.ActiveCfg = Debug|Win32
		{4D39913D-64B0-4728-89CD-D7091CE7BFAD}.Debug|x86.Build.0 = Debug|Win32
		{4D39913D-64B0-4728-89CD-D7091CE7BFAD}.Release|x64.ActiveCfg = Release|x64
		{4D39913D-64B0-4728-89CD-D7091CE7BFAD}.Release|x64.Build.0 = Release|x64
		{4D39913D-64B0-4728-89CD-D7091CE7BFAD}.Release|x86.ActiveCfg = Release|Win32
		{4D39913D-64B0-4728-89CD-D7091CE7BFAD}.Release|x86.Build.0 = Release|Win32
	EndGlobalSection
	GlobalSection(SolutionProperties) = preSolution
		HideSolutionNode = FALSE
	EndGlobalSection
	GlobalSection(ExtensibilityGlobals) = postSolution
		SolutionGuid = {DFFF2C32-29AE-4EC8-AF9D-AAB3F8FACE19}
	EndGlobalSection
EndGlobal
